
Microsoft Visual Studio Solution File, Format Version 12.00
# Visual Studio Version 17
VisualStudioVersion = 17.4.33110.190
MinimumVisualStudioVersion = 10.0.40219.1
Project("{9A19103F-16F7-4668-BE54-9A1E7A4F7556}") = "EfCoreGroupByOwnedTest7", "EfCoreGroupByOwnedTest7\EfCoreGroupByOwnedTest7.csproj", "{8E8AE468-C413-4A29-A03E-0EF12B37A501}"
EndProject
Project("{9A19103F-16F7-4668-BE54-9A1E7A4F7556}") = "EfCoreGroupByOwnedTest6", "EfCoreGroupByOwnedTest6\EfCoreGroupByOwnedTest6.csproj", "{526B164D-98EB-4E0F-8E7D-0AA5DA1E409B}"
EndProject
Global
	GlobalSection(SolutionConfigurationPlatforms) = preSolution
		Debug|Any CPU = Debug|Any CPU
		Release|Any CPU = Release|Any CPU
	EndGlobalSection
	GlobalSection(ProjectConfigurationPlatforms) = postSolution
		{8E8AE468-C413-4A29-A03E-0EF12B37A501}.Debug|Any CPU.ActiveCfg = Debug|Any CPU
		{8E8AE468-C413-4A29-A03E-0EF12B37A501}.Debug|Any CPU.Build.0 = Debug|Any CPU
		{8E8AE468-C413-4A29-A03E-0EF12B37A501}.Release|Any CPU.ActiveCfg = Release|Any CPU
		{8E8AE468-C413-4A29-A03E-0EF12B37A501}.Release|Any CPU.Build.0 = Release|Any CPU
		{526B164D-98EB-4E0F-8E7D-0AA5DA1E409B}.Debug|Any CPU.ActiveCfg = Debug|Any CPU
		{526B164D-98EB-4E0F-8E7D-0AA5DA1E409B}.Debug|Any CPU.Build.0 = Debug|Any CPU
		{526B164D-98EB-4E0F-8E7D-0AA5DA1E409B}.Release|Any CPU.ActiveCfg = Release|Any CPU
		{526B164D-98EB-4E0F-8E7D-0AA5DA1E409B}.Release|Any CPU.Build.0 = Release|Any CPU
	EndGlobalSection
	GlobalSection(SolutionProperties) = preSolution
		HideSolutionNode = FALSE
	EndGlobalSection
	GlobalSection(ExtensibilityGlobals) = postSolution
		SolutionGuid = {0419AA27-D179-4826-BFC5-A4D3117CF527}
	EndGlobalSection
EndGlobal
